
Microsoft Visual Studio Solution File, Format Version 12.00
# Visual Studio Version 16
VisualStudioVersion = 16.0.33529.622
MinimumVisualStudioVersion = 10.0.40219.1
Project("{FAE04EC0-301F-11D3-BF4B-00C04F79EFBC}") = "FileBrowser", "FileBrowser\FileBrowser.csproj", "{8527BF3A-CCC8-442A-ACEE-7FFB10A07808}"
EndProject
Global
	GlobalSection(SolutionConfigurationPlatforms) = preSolution
		Debug|Any CPU = Debug|Any CPU
		Release|Any CPU = Release|Any CPU
	EndGlobalSection
	GlobalSection(ProjectConfigurationPlatforms) = postSolution
		{8527BF3A-CCC8-442A-ACEE-7FFB10A07808}.Debug|Any CPU.ActiveCfg = Debug|Any CPU
		{8527BF3A-CCC8-442A-ACEE-7FFB10A07808}.Debug|Any CPU.Build.0 = Debug|Any CPU
		{8527BF3A-CCC8-442A-ACEE-7FFB10A07808}.Release|Any CPU.ActiveCfg = Release|Any CPU
		{8527BF3A-CCC8-442A-ACEE-7FFB10A07808}.Release|Any CPU.Build.0 = Release|Any CPU
	EndGlobalSection
	GlobalSection(SolutionProperties) = preSolution
		HideSolutionNode = FALSE
	EndGlobalSection
	GlobalSection(ExtensibilityGlobals) = postSolution
		SolutionGuid = {FABB4B3E-CBF3-4BCB-822B-4A2B7225273D}
	EndGlobalSection
EndGlobal
